
Microsoft Visual Studio Solution File, Format Version 12.00
Project("{FAE04EC0-301F-11D3-BF4B-00C04F79EFBC}") = "Service", "Service\Service.csproj", "{C72E2880-C723-4560-9A83-2513C2108012}"
EndProject
Global
	GlobalSection(SolutionConfigurationPlatforms) = preSolution
		Debug|Any CPU = Debug|Any CPU
		Release|Any CPU = Release|Any CPU
	EndGlobalSection
	GlobalSection(ProjectConfigurationPlatforms) = postSolution
		{C72E2880-C723-4560-9A83-2513C2108012}.Debug|Any CPU.ActiveCfg = Debug|Any CPU
		{C72E2880-C723-4560-9A83-2513C2108012}.Debug|Any CPU.Build.0 = Debug|Any CPU
		{C72E2880-C723-4560-9A83-2513C2108012}.Release|Any CPU.ActiveCfg = Release|Any CPU
		{C72E2880-C723-4560-9A83-2513C2108012}.Release|Any CPU.Build.0 = Release|Any CPU
	EndGlobalSection
EndGlobal
